
Microsoft Visual Studio Solution File, Format Version 12.00
# Visual Studio Version 16
VisualStudioVersion = 16.0.29306.81
MinimumVisualStudioVersion = 10.0.40219.1
Project("{FAE04EC0-301F-11D3-BF4B-00C04F79EFBC}") = "SteamChat", "SteamChat\SteamChat.csproj", "{04EC1FE4-4AE7-4375-A5C8-13D43C43F737}"
EndProject
Global
	GlobalSection(SolutionConfigurationPlatforms) = preSolution
		Debug|Any CPU = Debug|Any CPU
		Release|Any CPU = Release|Any CPU
	EndGlobalSection
	GlobalSection(ProjectConfigurationPlatforms) = postSolution
		{04EC1FE4-4AE7-4375-A5C8-13D43C43F737}.Debug|Any CPU.ActiveCfg = Debug|Any CPU
		{04EC1FE4-4AE7-4375-A5C8-13D43C43F737}.Debug|Any CPU.Build.0 = Debug|Any CPU
		{04EC1FE4-4AE7-4375-A5C8-13D43C43F737}.Release|Any CPU.ActiveCfg = Release|Any CPU
		{04EC1FE4-4AE7-4375-A5C8-13D43C43F737}.Release|Any CPU.Build.0 = Release|Any CPU
	EndGlobalSection
	GlobalSection(SolutionProperties) = preSolution
		HideSolutionNode = FALSE
	EndGlobalSection
	GlobalSection(ExtensibilityGlobals) = postSolution
		SolutionGuid = {C1DD399F-95E4-4C0B-A07C-00D919D57D2D}
	EndGlobalSection
EndGlobal
